
Microsoft Visual Studio Solution File, Format Version 12.00
# Visual Studio Version 16
VisualStudioVersion = 16.0.31129.286
MinimumVisualStudioVersion = 10.0.40219.1
Project("{FAE04EC0-301F-11D3-BF4B-00C04F79EFBC}") = "TT_CSDL", "TT_CSDL\TT_CSDL.csproj", "{978E0CB0-E1C3-40E8-A4E9-279A6606B014}"
EndProject
Global
	GlobalSection(SolutionConfigurationPlatforms) = preSolution
		Debug|Any CPU = Debug|Any CPU
		Release|Any CPU = Release|Any CPU
	EndGlobalSection
	GlobalSection(ProjectConfigurationPlatforms) = postSolution
		{978E0CB0-E1C3-40E8-A4E9-279A6606B014}.Debug|Any CPU.ActiveCfg = Debug|Any CPU
		{978E0CB0-E1C3-40E8-A4E9-279A6606B014}.Debug|Any CPU.Build.0 = Debug|Any CPU
		{978E0CB0-E1C3-40E8-A4E9-279A6606B014}.Release|Any CPU.ActiveCfg = Release|Any CPU
		{978E0CB0-E1C3-40E8-A4E9-279A6606B014}.Release|Any CPU.Build.0 = Release|Any CPU
	EndGlobalSection
	GlobalSection(SolutionProperties) = preSolution
		HideSolutionNode = FALSE
	EndGlobalSection
	GlobalSection(ExtensibilityGlobals) = postSolution
		SolutionGuid = {74D9B13A-1FEE-488A-8E44-492A49D46ADC}
	EndGlobalSection
EndGlobal
